
Microsoft Visual Studio Solution File, Format Version 12.00
# Visual Studio Version 17
VisualStudioVersion = 17.4.33213.308
MinimumVisualStudioVersion = 10.0.40219.1
Project("{FAE04EC0-301F-11D3-BF4B-00C04F79EFBC}") = "modul6_1302213007", "modul6_1302213007\modul6_1302213007.csproj", "{82347A42-504C-4469-AF04-84AD27938532}"
EndProject
Global
	GlobalSection(SolutionConfigurationPlatforms) = preSolution
		Debug|Any CPU = Debug|Any CPU
		Release|Any CPU = Release|Any CPU
	EndGlobalSection
	GlobalSection(ProjectConfigurationPlatforms) = postSolution
		{82347A42-504C-4469-AF04-84AD27938532}.Debug|Any CPU.ActiveCfg = Debug|Any CPU
		{82347A42-504C-4469-AF04-84AD27938532}.Debug|Any CPU.Build.0 = Debug|Any CPU
		{82347A42-504C-4469-AF04-84AD27938532}.Release|Any CPU.ActiveCfg = Release|Any CPU
		{82347A42-504C-4469-AF04-84AD27938532}.Release|Any CPU.Build.0 = Release|Any CPU
	EndGlobalSection
	GlobalSection(SolutionProperties) = preSolution
		HideSolutionNode = FALSE
	EndGlobalSection
	GlobalSection(ExtensibilityGlobals) = postSolution
		SolutionGuid = {4D84397B-09AB-4779-9151-D88E0A95386D}
	EndGlobalSection
EndGlobal
